
Microsoft Visual Studio Solution File, Format Version 12.00
# Visual Studio Version 16
VisualStudioVersion = 16.0.30204.135
MinimumVisualStudioVersion = 10.0.40219.1
Project("{FAE04EC0-301F-11D3-BF4B-00C04F79EFBC}") = "quennta.Dal", "quennta.Dal\quennta.Dal.csproj", "{5B720B37-2316-4E74-982D-E5559298C3D4}"
EndProject
Project("{FAE04EC0-301F-11D3-BF4B-00C04F79EFBC}") = "quennta.vivendaApartmentManagament.Bll", "quennta.vivendaApartmentManagament.Bll\quennta.vivendaApartmentManagament.Bll.csproj", "{5C29CEAB-3912-4C1D-B2EC-703ADB747259}"
EndProject
Project("{FAE04EC0-301F-11D3-BF4B-00C04F79EFBC}") = "quennta.vivendaApartmentManagament.UI.Win", "quennta.vivendaApartmentManagament.UI.Win\quennta.vivendaApartmentManagament.UI.Win.csproj", "{CC181A85-DFB3-409A-BEEB-5D0FDEBEB6F5}"
EndProject
Project("{FAE04EC0-301F-11D3-BF4B-00C04F79EFBC}") = "quennta.vivendaApartmentManagament.Data", "quennta.vivendaApartmentManagament.Data\quennta.vivendaApartmentManagament.Data.csproj", "{9F3C3302-B230-47D4-97CA-A0EB87F3119C}"
EndProject
Project("{FAE04EC0-301F-11D3-BF4B-00C04F79EFBC}") = "quennta.vivendaApartmentManagament.Model", "quennta.vivendaApartmentManagament.Model\quennta.vivendaApartmentManagament.Model.csproj", "{A7DBC11B-E145-4501-A79C-E2B33E81C58F}"
EndProject
Project("{FAE04EC0-301F-11D3-BF4B-00C04F79EFBC}") = "quennta.vivendaApartmentManagament.Common", "quennta.vivendaApartmentManagament.Common\quennta.vivendaApartmentManagament.Common.csproj", "{968525EC-06B1-4655-9938-95B855278E48}"
EndProject
Global
	GlobalSection(SolutionConfigurationPlatforms) = preSolution
		Debug|Any CPU = Debug|Any CPU
		Release|Any CPU = Release|Any CPU
	EndGlobalSection
	GlobalSection(ProjectConfigurationPlatforms) = postSolution
		{5B720B37-2316-4E74-982D-E5559298C3D4}.Debug|Any CPU.ActiveCfg = Debug|Any CPU
		{5B720B37-2316-4E74-982D-E5559298C3D4}.Debug|Any CPU.Build.0 = Debug|Any CPU
		{5B720B37-2316-4E74-982D-E5559298C3D4}.Release|Any CPU.ActiveCfg = Release|Any CPU
		{5B720B37-2316-4E74-982D-E5559298C3D4}.Release|Any CPU.Build.0 = Release|Any CPU
		{5C29CEAB-3912-4C1D-B2EC-703ADB747259}.Debug|Any CPU.ActiveCfg = Debug|Any CPU
		{5C29CEAB-3912-4C1D-B2EC-703ADB747259}.Debug|Any CPU.Build.0 = Debug|Any CPU
		{5C29CEAB-3912-4C1D-B2EC-703ADB747259}.Release|Any CPU.ActiveCfg = Release|Any CPU
		{5C29CEAB-3912-4C1D-B2EC-703ADB747259}.Release|Any CPU.Build.0 = Release|Any CPU
		{CC181A85-DFB3-409A-BEEB-5D0FDEBEB6F5}.Debug|Any CPU.ActiveCfg = Debug|Any CPU
		{CC181A85-DFB3-409A-BEEB-5D0FDEBEB6F5}.Debug|Any CPU.Build.0 = Debug|Any CPU
		{CC181A85-DFB3-409A-BEEB-5D0FDEBEB6F5}.Release|Any CPU.ActiveCfg = Release|Any CPU
		{CC181A85-DFB3-409A-BEEB-5D0FDEBEB6F5}.Release|Any CPU.Build.0 = Release|Any CPU
		{9F3C3302-B230-47D4-97CA-A0EB87F3119C}.Debug|Any CPU.ActiveCfg = Debug|Any CPU
		{9F3C3302-B230-47D4-97CA-A0EB87F3119C}.Debug|Any CPU.Build.0 = Debug|Any CPU
		{9F3C3302-B230-47D4-97CA-A0EB87F3119C}.Release|Any CPU.ActiveCfg = Release|Any CPU
		{9F3C3302-B230-47D4-97CA-A0EB87F3119C}.Release|Any CPU.Build.0 = Release|Any CPU
		{A7DBC11B-E145-4501-A79C-E2B33E81C58F}.Debug|Any CPU.ActiveCfg = Debug|Any CPU
		{A7DBC11B-E145-4501-A79C-E2B33E81C58F}.Debug|Any CPU.Build.0 = Debug|Any CPU
		{A7DBC11B-E145-4501-A79C-E2B33E81C58F}.Release|Any CPU.ActiveCfg = Release|Any CPU
		{A7DBC11B-E145-4501-A79C-E2B33E81C58F}.Release|Any CPU.Build.0 = Release|Any CPU
		{968525EC-06B1-4655-9938-95B855278E48}.Debug|Any CPU.ActiveCfg = Debug|Any CPU
		{968525EC-06B1-4655-9938-95B855278E48}.Debug|Any CPU.Build.0 = Debug|Any CPU
		{968525EC-06B1-4655-9938-95B855278E48}.Release|Any CPU.ActiveCfg = Release|Any CPU
		{968525EC-06B1-4655-9938-95B855278E48}.Release|Any CPU.Build.0 = Release|Any CPU
	EndGlobalSection
	GlobalSection(SolutionProperties) = preSolution
		HideSolutionNode = FALSE
	EndGlobalSection
	GlobalSection(ExtensibilityGlobals) = postSolution
		SolutionGuid = {3A34E315-2F9E-4234-A985-124D1FF95C3B}
	EndGlobalSection
EndGlobal
